{
  "name": "prime-fleet-portal",
  "version": "1.0.0",
  "lockfileVersion": 3,
  "requires": true,
  "packages": {
    "": {
      "name": "prime-fleet-portal",
      "version": "1.0.0",
      "dependencies": {
        "@supabase/supabase-js": "file:vendor/supabase-js",
        "next": "file:vendor/next",
        "next-auth": "file:vendor/next-auth",
        "react": "file:vendor/react",
        "react-dom": "file:vendor/react-dom"
      },
      "devDependencies": {
        "@types/node": "file:vendor/types-node",
        "@types/react": "file:vendor/types-react",
        "@types/react-dom": "file:vendor/types-react-dom",
        "autoprefixer": "file:vendor/autoprefixer",
        "postcss": "file:vendor/postcss",
        "tailwindcss": "file:vendor/tailwindcss",
        "typescript": "file:vendor/typescript"
      },
      "engines": {
        "node": ">=20.9.0"
      }
    },
    "node_modules/@supabase/supabase-js": {
      "resolved": "vendor/supabase-js",
      "link": true
    },
    "node_modules/@types/node": {
      "resolved": "vendor/types-node",
      "link": true
    },
    "node_modules/@types/react": {
      "resolved": "vendor/types-react",
      "link": true
    },
    "node_modules/@types/react-dom": {
      "resolved": "vendor/types-react-dom",
      "link": true
    },
    "node_modules/autoprefixer": {
      "resolved": "vendor/autoprefixer",
      "link": true
    },
    "node_modules/next": {
      "resolved": "vendor/next",
      "link": true
    },
    "node_modules/next-auth": {
      "resolved": "vendor/next-auth",
      "link": true
    },
    "node_modules/postcss": {
      "resolved": "vendor/postcss",
      "link": true
    },
    "node_modules/react": {
      "resolved": "vendor/react",
      "link": true
    },
    "node_modules/react-dom": {
      "resolved": "vendor/react-dom",
      "link": true
    },
    "node_modules/tailwindcss": {
      "resolved": "vendor/tailwindcss",
      "link": true
    },
    "node_modules/typescript": {
      "resolved": "vendor/typescript",
      "link": true
    },
    "vendor/autoprefixer": {
      "version": "1.0.0",
      "dev": true
    },
    "vendor/next": {
      "version": "15.5.4",
      "bin": {
        "next": "bin/next"
      }
    },
    "vendor/next-auth": {
      "version": "4.24.7"
    },
    "vendor/postcss": {
      "version": "1.0.0",
      "dev": true
    },
    "vendor/react": {
      "version": "19.1.0"
    },
    "vendor/react-dom": {
      "version": "19.1.0"
    },
    "vendor/supabase-js": {
      "name": "@supabase/supabase-js",
      "version": "2.45.4"
    },
    "vendor/tailwindcss": {
      "version": "1.0.0",
      "dev": true
    },
    "vendor/types-node": {
      "name": "@types/node",
      "version": "1.0.0",
      "dev": true
    },
    "vendor/types-react": {
      "name": "@types/react",
      "version": "1.0.0",
      "dev": true
    },
    "vendor/types-react-dom": {
      "name": "@types/react-dom",
      "version": "1.0.0",
      "dev": true
    },
    "vendor/typescript": {
      "version": "1.0.0",
      "dev": true
    }
  }
}
